
Microsoft Visual Studio Solution File, Format Version 12.00
# Visual Studio Version 16
VisualStudioVersion = 16.0.30709.132
MinimumVisualStudioVersion = 10.0.40219.1
Project("{2150E333-8FDC-42A3-9474-1A3956D46DE8}") = "Layer1", "Layer1", "{309E8605-A208-4D69-AA11-A4CD34E47FD7}"
EndProject
Project("{2150E333-8FDC-42A3-9474-1A3956D46DE8}") = "Layer2", "Layer2", "{38BF3691-B2BF-491E-8231-B04C23A90141}"
EndProject
Project("{2150E333-8FDC-42A3-9474-1A3956D46DE8}") = "Layer3", "Layer3", "{195D1386-588C-44AA-8562-6B4CECA0E465}"
EndProject
Project("{2150E333-8FDC-42A3-9474-1A3956D46DE8}") = "Layer4", "Layer4", "{5CB0281D-ADE4-448C-9C0E-C2EEF8F25400}"
EndProject
Project("{2150E333-8FDC-42A3-9474-1A3956D46DE8}") = "Data Access Layer", "Data Access Layer", "{665151EE-B3C6-4761-BB87-833DF6F1A8FC}"
EndProject
Project("{2150E333-8FDC-42A3-9474-1A3956D46DE8}") = "Domain Layer", "Domain Layer", "{236F31E2-056E-464F-BB14-65048203783C}"
EndProject
Project("{2150E333-8FDC-42A3-9474-1A3956D46DE8}") = "Domain Service Layer", "Domain Service Layer", "{EC9476D2-2F5F-42B2-914E-16285B19D434}"
EndProject
Project("{2150E333-8FDC-42A3-9474-1A3956D46DE8}") = "Application Services Layer", "Application Services Layer", "{EDAAEC93-7F62-4226-BDC7-4D31BD1C6D27}"
EndProject
Project("{2150E333-8FDC-42A3-9474-1A3956D46DE8}") = "ORM Mapping", "ORM Mapping", "{3B28458B-9364-46DD-B50F-D3D492D8AE9D}"
EndProject
Project("{2150E333-8FDC-42A3-9474-1A3956D46DE8}") = "Models", "Models", "{D9946E82-8E32-44F2-9763-6459C35EEF27}"
EndProject
Project("{2150E333-8FDC-42A3-9474-1A3956D46DE8}") = "Repositories", "Repositories", "{6A3F4E1A-52B6-4543-9177-1F2A58AAD131}"
EndProject
Project("{2150E333-8FDC-42A3-9474-1A3956D46DE8}") = "Domain Logic", "Domain Logic", "{3FD4FD46-39D1-414A-8A82-F079814247E5}"
EndProject
Project("{2150E333-8FDC-42A3-9474-1A3956D46DE8}") = "Domain Valiadations", "Domain Valiadations", "{949C554B-D867-4A18-958C-FC208E2319D1}"
EndProject
Project("{2150E333-8FDC-42A3-9474-1A3956D46DE8}") = "API Controller", "API Controller", "{624B4577-18AA-41A8-8E92-930F5A067B69}"
EndProject
Project("{2150E333-8FDC-42A3-9474-1A3956D46DE8}") = "Interfaces", "Interfaces", "{8673B71F-013F-4525-B198-2C727953E2EB}"
EndProject
Project("{2150E333-8FDC-42A3-9474-1A3956D46DE8}") = "Implementations", "Implementations", "{E615263E-CADA-4ACF-99AD-3E1D7764E23B}"
EndProject
Project("{2150E333-8FDC-42A3-9474-1A3956D46DE8}") = "Interfaces", "Interfaces", "{12FF8687-84CF-4DEF-B754-CC80499B4C07}"
EndProject
Project("{2150E333-8FDC-42A3-9474-1A3956D46DE8}") = "Implemetations", "Implemetations", "{DED4A8A6-2B82-438A-B37A-B8F322536390}"
EndProject
Project("{2150E333-8FDC-42A3-9474-1A3956D46DE8}") = "Interafces", "Interafces", "{F42CE360-AA00-40F7-AAD1-E3189E726D19}"
EndProject
Project("{2150E333-8FDC-42A3-9474-1A3956D46DE8}") = "Implementations", "Implementations", "{1A80B14D-09A7-4EF4-80B9-E8612EB53FF7}"
EndProject
Project("{2150E333-8FDC-42A3-9474-1A3956D46DE8}") = "Interfaces", "Interfaces", "{AA8C4002-6AFA-430F-8E98-92625C47BF7A}"
EndProject
Project("{2150E333-8FDC-42A3-9474-1A3956D46DE8}") = "Implementations", "Implementations", "{BC8F2E10-9386-43B1-90ED-7C33A7F637D9}"
EndProject
Project("{9A19103F-16F7-4668-BE54-9A1E7A4F7556}") = "WellsFargo.Libraries.Models", "WellsFargo.Libraries.Models\WellsFargo.Libraries.Models.csproj", "{97BE8585-4D89-4563-BFDD-CF26D48BA851}"
EndProject
Project("{9A19103F-16F7-4668-BE54-9A1E7A4F7556}") = "WellsFargo.Libraries.ORM.Interfaces", "WellsFargo.Libraries.ORM.Interfaces\WellsFargo.Libraries.ORM.Interfaces.csproj", "{D755B23B-5A60-4555-80DE-791D9A36EA50}"
EndProject
Project("{9A19103F-16F7-4668-BE54-9A1E7A4F7556}") = "WellsFargo.Libraries.ORM.Impl", "WellsFargo.Libraries.ORM.Impl\WellsFargo.Libraries.ORM.Impl.csproj", "{6DA2331F-1BDE-4F7B-9013-B9D63A57B305}"
EndProject
Project("{2150E333-8FDC-42A3-9474-1A3956D46DE8}") = "Interfaces", "Interfaces", "{801D1C77-9F0D-4A31-B464-48B7829E1995}"
EndProject
Project("{2150E333-8FDC-42A3-9474-1A3956D46DE8}") = "Implementations", "Implementations", "{21E31CDE-3952-4854-8C92-ABA47D1791BD}"
EndProject
Project("{9A19103F-16F7-4668-BE54-9A1E7A4F7556}") = "WellsFargo.Libraries.DataAccess.Interfaces", "WellsFargo.Libraries.DataAccess.Interfaces\WellsFargo.Libraries.DataAccess.Interfaces.csproj", "{67E2E28F-3760-4073-8297-6E476FE10B36}"
EndProject
Project("{9A19103F-16F7-4668-BE54-9A1E7A4F7556}") = "WellFargo.Libraries.DataAccess.Impl", "WellFargo.Libraries.DataAccess.Impl\WellFargo.Libraries.DataAccess.Impl.csproj", "{B01392CA-1D69-45F9-8876-69318CA5A1D0}"
EndProject
Project("{FAE04EC0-301F-11D3-BF4B-00C04F79EFBC}") = "WellFargo.Libraries.Services.Interfaces", "WellFargo.Libraries.Services.Interfaces\WellFargo.Libraries.Services.Interfaces.csproj", "{4546AE0D-7D78-4432-AAB5-FD4DF0FAAC91}"
EndProject
Project("{FAE04EC0-301F-11D3-BF4B-00C04F79EFBC}") = "WellsFargo.Libraries.Services.Impl", "WellsFargo.Libraries.Services.Impl\WellsFargo.Libraries.Services.Impl.csproj", "{9BCF0B51-FFE5-4E76-8EAA-BC5932443C02}"
EndProject
Project("{FAE04EC0-301F-11D3-BF4B-00C04F79EFBC}") = "WellsFargo.Libraries.Domain.Interfaces", "WellsFargo.Libraries.Domain.Interfaces\WellsFargo.Libraries.Domain.Interfaces.csproj", "{45EAE82A-1831-460B-96C4-35D8AF7D735F}"
EndProject
Project("{FAE04EC0-301F-11D3-BF4B-00C04F79EFBC}") = "WellsFargo.Libraries.Domian.Impl", "WellsFargo.Libraries.Domian.Impl\WellsFargo.Libraries.Domian.Impl.csproj", "{9D7D68DB-37CB-424D-9DAE-DB41F5F0EEDE}"
EndProject
Project("{2150E333-8FDC-42A3-9474-1A3956D46DE8}") = "Hosting", "Hosting", "{404BEA43-E53D-4287-856D-AD15B9D1F0BB}"
EndProject
Project("{2150E333-8FDC-42A3-9474-1A3956D46DE8}") = "Extensibility", "Extensibility", "{39DC2584-1C7D-4E54-A803-13D0E06FD224}"
EndProject
Project("{9A19103F-16F7-4668-BE54-9A1E7A4F7556}") = "WellsFargo.Libraries.Hosting.Extensibility", "WellsFargo.Libraries.Hosting.Extensibility\WellsFargo.Libraries.Hosting.Extensibility.csproj", "{F41A91F8-F532-4716-B6C3-5F9FD11928AB}"
EndProject
Project("{FAE04EC0-301F-11D3-BF4B-00C04F79EFBC}") = "ProductsREST_Hosting", "ProductsREST_Hosting\ProductsREST_Hosting.csproj", "{4D2D3AD9-86C5-410A-89BC-4A6976C6B020}"
EndProject
Global
	GlobalSection(SolutionConfigurationPlatforms) = preSolution
		Debug|Any CPU = Debug|Any CPU
		Release|Any CPU = Release|Any CPU
	EndGlobalSection
	GlobalSection(ProjectConfigurationPlatforms) = postSolution
		{97BE8585-4D89-4563-BFDD-CF26D48BA851}.Debug|Any CPU.ActiveCfg = Debug|Any CPU
		{97BE8585-4D89-4563-BFDD-CF26D48BA851}.Debug|Any CPU.Build.0 = Debug|Any CPU
		{97BE8585-4D89-4563-BFDD-CF26D48BA851}.Release|Any CPU.ActiveCfg = Release|Any CPU
		{97BE8585-4D89-4563-BFDD-CF26D48BA851}.Release|Any CPU.Build.0 = Release|Any CPU
		{D755B23B-5A60-4555-80DE-791D9A36EA50}.Debug|Any CPU.ActiveCfg = Debug|Any CPU
		{D755B23B-5A60-4555-80DE-791D9A36EA50}.Debug|Any CPU.Build.0 = Debug|Any CPU
		{D755B23B-5A60-4555-80DE-791D9A36EA50}.Release|Any CPU.ActiveCfg = Release|Any CPU
		{D755B23B-5A60-4555-80DE-791D9A36EA50}.Release|Any CPU.Build.0 = Release|Any CPU
		{6DA2331F-1BDE-4F7B-9013-B9D63A57B305}.Debug|Any CPU.ActiveCfg = Debug|Any CPU
		{6DA2331F-1BDE-4F7B-9013-B9D63A57B305}.Debug|Any CPU.Build.0 = Debug|Any CPU
		{6DA2331F-1BDE-4F7B-9013-B9D63A57B305}.Release|Any CPU.ActiveCfg = Release|Any CPU
		{6DA2331F-1BDE-4F7B-9013-B9D63A57B305}.Release|Any CPU.Build.0 = Release|Any CPU
		{67E2E28F-3760-4073-8297-6E476FE10B36}.Debug|Any CPU.ActiveCfg = Debug|Any CPU
		{67E2E28F-3760-4073-8297-6E476FE10B36}.Debug|Any CPU.Build.0 = Debug|Any CPU
		{67E2E28F-3760-4073-8297-6E476FE10B36}.Release|Any CPU.ActiveCfg = Release|Any CPU
		{67E2E28F-3760-4073-8297-6E476FE10B36}.Release|Any CPU.Build.0 = Release|Any CPU
		{B01392CA-1D69-45F9-8876-69318CA5A1D0}.Debug|Any CPU.ActiveCfg = Debug|Any CPU
		{B01392CA-1D69-45F9-8876-69318CA5A1D0}.Debug|Any CPU.Build.0 = Debug|Any CPU
		{B01392CA-1D69-45F9-8876-69318CA5A1D0}.Release|Any CPU.ActiveCfg = Release|Any CPU
		{B01392CA-1D69-45F9-8876-69318CA5A1D0}.Release|Any CPU.Build.0 = Release|Any CPU
		{4546AE0D-7D78-4432-AAB5-FD4DF0FAAC91}.Debug|Any CPU.ActiveCfg = Debug|Any CPU
		{4546AE0D-7D78-4432-AAB5-FD4DF0FAAC91}.Debug|Any CPU.Build.0 = Debug|Any CPU
		{4546AE0D-7D78-4432-AAB5-FD4DF0FAAC91}.Release|Any CPU.ActiveCfg = Release|Any CPU
		{4546AE0D-7D78-4432-AAB5-FD4DF0FAAC91}.Release|Any CPU.Build.0 = Release|Any CPU
		{9BCF0B51-FFE5-4E76-8EAA-BC5932443C02}.Debug|Any CPU.ActiveCfg = Debug|Any CPU
		{9BCF0B51-FFE5-4E76-8EAA-BC5932443C02}.Debug|Any CPU.Build.0 = Debug|Any CPU
		{9BCF0B51-FFE5-4E76-8EAA-BC5932443C02}.Release|Any CPU.ActiveCfg = Release|Any CPU
		{9BCF0B51-FFE5-4E76-8EAA-BC5932443C02}.Release|Any CPU.Build.0 = Release|Any CPU
		{45EAE82A-1831-460B-96C4-35D8AF7D735F}.Debug|Any CPU.ActiveCfg = Debug|Any CPU
		{45EAE82A-1831-460B-96C4-35D8AF7D735F}.Debug|Any CPU.Build.0 = Debug|Any CPU
		{45EAE82A-1831-460B-96C4-35D8AF7D735F}.Release|Any CPU.ActiveCfg = Release|Any CPU
		{45EAE82A-1831-460B-96C4-35D8AF7D735F}.Release|Any CPU.Build.0 = Release|Any CPU
		{9D7D68DB-37CB-424D-9DAE-DB41F5F0EEDE}.Debug|Any CPU.ActiveCfg = Debug|Any CPU
		{9D7D68DB-37CB-424D-9DAE-DB41F5F0EEDE}.Debug|Any CPU.Build.0 = Debug|Any CPU
		{9D7D68DB-37CB-424D-9DAE-DB41F5F0EEDE}.Release|Any CPU.ActiveCfg = Release|Any CPU
		{9D7D68DB-37CB-424D-9DAE-DB41F5F0EEDE}.Release|Any CPU.Build.0 = Release|Any CPU
		{F41A91F8-F532-4716-B6C3-5F9FD11928AB}.Debug|Any CPU.ActiveCfg = Debug|Any CPU
		{F41A91F8-F532-4716-B6C3-5F9FD11928AB}.Debug|Any CPU.Build.0 = Debug|Any CPU
		{F41A91F8-F532-4716-B6C3-5F9FD11928AB}.Release|Any CPU.ActiveCfg = Release|Any CPU
		{F41A91F8-F532-4716-B6C3-5F9FD11928AB}.Release|Any CPU.Build.0 = Release|Any CPU
		{4D2D3AD9-86C5-410A-89BC-4A6976C6B020}.Debug|Any CPU.ActiveCfg = Debug|Any CPU
		{4D2D3AD9-86C5-410A-89BC-4A6976C6B020}.Debug|Any CPU.Build.0 = Debug|Any CPU
		{4D2D3AD9-86C5-410A-89BC-4A6976C6B020}.Release|Any CPU.ActiveCfg = Release|Any CPU
		{4D2D3AD9-86C5-410A-89BC-4A6976C6B020}.Release|Any CPU.Build.0 = Release|Any CPU
	EndGlobalSection
	GlobalSection(SolutionProperties) = preSolution
		HideSolutionNode = FALSE
	EndGlobalSection
	GlobalSection(NestedProjects) = preSolution
		{665151EE-B3C6-4761-BB87-833DF6F1A8FC} = {309E8605-A208-4D69-AA11-A4CD34E47FD7}
		{236F31E2-056E-464F-BB14-65048203783C} = {38BF3691-B2BF-491E-8231-B04C23A90141}
		{EC9476D2-2F5F-42B2-914E-16285B19D434} = {195D1386-588C-44AA-8562-6B4CECA0E465}
		{EDAAEC93-7F62-4226-BDC7-4D31BD1C6D27} = {5CB0281D-ADE4-448C-9C0E-C2EEF8F25400}
		{3B28458B-9364-46DD-B50F-D3D492D8AE9D} = {665151EE-B3C6-4761-BB87-833DF6F1A8FC}
		{D9946E82-8E32-44F2-9763-6459C35EEF27} = {236F31E2-056E-464F-BB14-65048203783C}
		{6A3F4E1A-52B6-4543-9177-1F2A58AAD131} = {665151EE-B3C6-4761-BB87-833DF6F1A8FC}
		{3FD4FD46-39D1-414A-8A82-F079814247E5} = {EC9476D2-2F5F-42B2-914E-16285B19D434}
		{949C554B-D867-4A18-958C-FC208E2319D1} = {EC9476D2-2F5F-42B2-914E-16285B19D434}
		{624B4577-18AA-41A8-8E92-930F5A067B69} = {EDAAEC93-7F62-4226-BDC7-4D31BD1C6D27}
		{8673B71F-013F-4525-B198-2C727953E2EB} = {3B28458B-9364-46DD-B50F-D3D492D8AE9D}
		{E615263E-CADA-4ACF-99AD-3E1D7764E23B} = {3B28458B-9364-46DD-B50F-D3D492D8AE9D}
		{12FF8687-84CF-4DEF-B754-CC80499B4C07} = {949C554B-D867-4A18-958C-FC208E2319D1}
		{DED4A8A6-2B82-438A-B37A-B8F322536390} = {949C554B-D867-4A18-958C-FC208E2319D1}
		{F42CE360-AA00-40F7-AAD1-E3189E726D19} = {3FD4FD46-39D1-414A-8A82-F079814247E5}
		{1A80B14D-09A7-4EF4-80B9-E8612EB53FF7} = {3FD4FD46-39D1-414A-8A82-F079814247E5}
		{AA8C4002-6AFA-430F-8E98-92625C47BF7A} = {624B4577-18AA-41A8-8E92-930F5A067B69}
		{BC8F2E10-9386-43B1-90ED-7C33A7F637D9} = {624B4577-18AA-41A8-8E92-930F5A067B69}
		{97BE8585-4D89-4563-BFDD-CF26D48BA851} = {D9946E82-8E32-44F2-9763-6459C35EEF27}
		{D755B23B-5A60-4555-80DE-791D9A36EA50} = {8673B71F-013F-4525-B198-2C727953E2EB}
		{6DA2331F-1BDE-4F7B-9013-B9D63A57B305} = {E615263E-CADA-4ACF-99AD-3E1D7764E23B}
		{801D1C77-9F0D-4A31-B464-48B7829E1995} = {6A3F4E1A-52B6-4543-9177-1F2A58AAD131}
		{21E31CDE-3952-4854-8C92-ABA47D1791BD} = {6A3F4E1A-52B6-4543-9177-1F2A58AAD131}
		{67E2E28F-3760-4073-8297-6E476FE10B36} = {801D1C77-9F0D-4A31-B464-48B7829E1995}
		{B01392CA-1D69-45F9-8876-69318CA5A1D0} = {21E31CDE-3952-4854-8C92-ABA47D1791BD}
		{4546AE0D-7D78-4432-AAB5-FD4DF0FAAC91} = {AA8C4002-6AFA-430F-8E98-92625C47BF7A}
		{9BCF0B51-FFE5-4E76-8EAA-BC5932443C02} = {BC8F2E10-9386-43B1-90ED-7C33A7F637D9}
		{45EAE82A-1831-460B-96C4-35D8AF7D735F} = {F42CE360-AA00-40F7-AAD1-E3189E726D19}
		{9D7D68DB-37CB-424D-9DAE-DB41F5F0EEDE} = {1A80B14D-09A7-4EF4-80B9-E8612EB53FF7}
		{39DC2584-1C7D-4E54-A803-13D0E06FD224} = {404BEA43-E53D-4287-856D-AD15B9D1F0BB}
		{F41A91F8-F532-4716-B6C3-5F9FD11928AB} = {39DC2584-1C7D-4E54-A803-13D0E06FD224}
		{4D2D3AD9-86C5-410A-89BC-4A6976C6B020} = {39DC2584-1C7D-4E54-A803-13D0E06FD224}
	EndGlobalSection
	GlobalSection(ExtensibilityGlobals) = postSolution
		SolutionGuid = {2A0105A4-0100-4687-85B1-E37C31A458B0}
	EndGlobalSection
EndGlobal
